// !$*UTF8*$!
{
	archiveVersion = 1;
	classes = {
	};
	objectVersion = 55;
	objects = {

/* Begin PBXBuildFile section */
		24DA6183283C3DCE004BE551 /* AppDelegate.swift in Sources */ = {isa = PBXBuildFile; fileRef = 24DA6182283C3DCE004BE551 /* AppDelegate.swift */; };
		24DA6185283C3DCE004BE551 /* SceneDelegate.swift in Sources */ = {isa = PBXBuildFile; fileRef = 24DA6184283C3DCE004BE551 /* SceneDelegate.swift */; };
		24DA6187283C3DCE004BE551 /* HomeViewController.swift in Sources */ = {isa = PBXBuildFile; fileRef = 24DA6186283C3DCE004BE551 /* HomeViewController.swift */; };
		24DA618A283C3DCE004BE551 /* Main.storyboard in Resources */ = {isa = PBXBuildFile; fileRef = 24DA6188283C3DCE004BE551 /* Main.storyboard */; };
		24DA618C283C3DCF004BE551 /* Assets.xcassets in Resources */ = {isa = PBXBuildFile; fileRef = 24DA618B283C3DCF004BE551 /* Assets.xcassets */; };
		24DA618F283C3DCF004BE551 /* LaunchScreen.storyboard in Resources */ = {isa = PBXBuildFile; fileRef = 24DA618D283C3DCF004BE551 /* LaunchScreen.storyboard */; };
		24DA619A283C3DD0004BE551 /* Smart_MobilityTests.swift in Sources */ = {isa = PBXBuildFile; fileRef = 24DA6199283C3DD0004BE551 /* Smart_MobilityTests.swift */; };
		24DA61A4283C3DD0004BE551 /* Smart_MobilityUITests.swift in Sources */ = {isa = PBXBuildFile; fileRef = 24DA61A3283C3DD0004BE551 /* Smart_MobilityUITests.swift */; };
		24DA61A6283C3DD0004BE551 /* Smart_MobilityUITestsLaunchTests.swift in Sources */ = {isa = PBXBuildFile; fileRef = 24DA61A5283C3DD0004BE551 /* Smart_MobilityUITestsLaunchTests.swift */; };
		24DA61B3283C42F1004BE551 /* ForgotPasswordViewController.swift in Sources */ = {isa = PBXBuildFile; fileRef = 24DA61B2283C42F1004BE551 /* ForgotPasswordViewController.swift */; };
		24DA61B7283C4369004BE551 /* SignUpViewController.swift in Sources */ = {isa = PBXBuildFile; fileRef = 24DA61B6283C4369004BE551 /* SignUpViewController.swift */; };
		9E20966B28F1EDF7002D6EC8 /* Constants.swift in Sources */ = {isa = PBXBuildFile; fileRef = 9E20966A28F1EDF7002D6EC8 /* Constants.swift */; };
		9E20966D28F1F13F002D6EC8 /* NotificationsViewController.swift in Sources */ = {isa = PBXBuildFile; fileRef = 9E20966C28F1F13F002D6EC8 /* NotificationsViewController.swift */; };
		9E20966F28F1F163002D6EC8 /* WalletViewController.swift in Sources */ = {isa = PBXBuildFile; fileRef = 9E20966E28F1F163002D6EC8 /* WalletViewController.swift */; };
		9E20967128F1F1BC002D6EC8 /* HelpViewController.swift in Sources */ = {isa = PBXBuildFile; fileRef = 9E20967028F1F1BC002D6EC8 /* HelpViewController.swift */; };
		9E20967328F1F1EC002D6EC8 /* ReportViewController.swift in Sources */ = {isa = PBXBuildFile; fileRef = 9E20967228F1F1EC002D6EC8 /* ReportViewController.swift */; };
		9E20967528F1F22E002D6EC8 /* ReferViewController.swift in Sources */ = {isa = PBXBuildFile; fileRef = 9E20967428F1F22E002D6EC8 /* ReferViewController.swift */; };
		9E281C8E28D142A000BD5AAE /* SettingsViewController.swift in Sources */ = {isa = PBXBuildFile; fileRef = 9E281C8D28D142A000BD5AAE /* SettingsViewController.swift */; };
		9E54101E28DBEC6600590E2C /* LocationPointsViewController.swift in Sources */ = {isa = PBXBuildFile; fileRef = 9E54101D28DBEC6600590E2C /* LocationPointsViewController.swift */; };
		9E54102028DBEC8C00590E2C /* RideHistoryViewController.swift in Sources */ = {isa = PBXBuildFile; fileRef = 9E54101F28DBEC8C00590E2C /* RideHistoryViewController.swift */; };
		9E54102228DBED2000590E2C /* PersonalInfoViewController.swift in Sources */ = {isa = PBXBuildFile; fileRef = 9E54102128DBED2000590E2C /* PersonalInfoViewController.swift */; };
		9E5B5FAD28C552F6003B937C /* GoogleService-Info.plist in Resources */ = {isa = PBXBuildFile; fileRef = 9E5B5FAC28C552F6003B937C /* GoogleService-Info.plist */; };
		9E5F6E9A28F390E70000F297 /* Mixpanel in Frameworks */ = {isa = PBXBuildFile; productRef = 9E5F6E9928F390E70000F297 /* Mixpanel */; };
		9E5F6E9D28F3920A0000F297 /* Mixpanel in Frameworks */ = {isa = PBXBuildFile; productRef = 9E5F6E9C28F3920A0000F297 /* Mixpanel */; };
		9E5F6EB728F39C3C0000F297 /* DarkScannerLayerView.swift in Sources */ = {isa = PBXBuildFile; fileRef = 9E5F6EB628F39C3C0000F297 /* DarkScannerLayerView.swift */; };
		9E919C2828D3917800498281 /* SettingsResultViewController.swift in Sources */ = {isa = PBXBuildFile; fileRef = 9E919C2728D3917800498281 /* SettingsResultViewController.swift */; };
		9EDBB30A28EA885A00DF822D /* FirebaseAnalytics in Frameworks */ = {isa = PBXBuildFile; productRef = 9EDBB30928EA885A00DF822D /* FirebaseAnalytics */; };
		9EDBB30C28EA885A00DF822D /* FirebaseAnalyticsOnDeviceConversion in Frameworks */ = {isa = PBXBuildFile; productRef = 9EDBB30B28EA885A00DF822D /* FirebaseAnalyticsOnDeviceConversion */; };
		9EDBB30E28EA885A00DF822D /* FirebaseAnalyticsSwift in Frameworks */ = {isa = PBXBuildFile; productRef = 9EDBB30D28EA885A00DF822D /* FirebaseAnalyticsSwift */; };
		9EDBB31028EA885A00DF822D /* FirebaseAnalyticsWithoutAdIdSupport in Frameworks */ = {isa = PBXBuildFile; productRef = 9EDBB30F28EA885A00DF822D /* FirebaseAnalyticsWithoutAdIdSupport */; };
		9EDBB31228EA885A00DF822D /* FirebaseAppCheck in Frameworks */ = {isa = PBXBuildFile; productRef = 9EDBB31128EA885A00DF822D /* FirebaseAppCheck */; };
		9EDBB31428EA885A00DF822D /* FirebaseAppDistribution-Beta in Frameworks */ = {isa = PBXBuildFile; productRef = 9EDBB31328EA885A00DF822D /* FirebaseAppDistribution-Beta */; };
		9EDBB31628EA885A00DF822D /* FirebaseAuth in Frameworks */ = {isa = PBXBuildFile; productRef = 9EDBB31528EA885A00DF822D /* FirebaseAuth */; };
		9EDBB31828EA885A00DF822D /* FirebaseAuthCombine-Community in Frameworks */ = {isa = PBXBuildFile; productRef = 9EDBB31728EA885A00DF822D /* FirebaseAuthCombine-Community */; };
		9EDBB31A28EA885A00DF822D /* FirebaseCrashlytics in Frameworks */ = {isa = PBXBuildFile; productRef = 9EDBB31928EA885A00DF822D /* FirebaseCrashlytics */; };
		9EDBB31C28EA885A00DF822D /* FirebaseDatabase in Frameworks */ = {isa = PBXBuildFile; productRef = 9EDBB31B28EA885A00DF822D /* FirebaseDatabase */; };
		9EDBB31E28EA885A00DF822D /* FirebaseDatabaseSwift in Frameworks */ = {isa = PBXBuildFile; productRef = 9EDBB31D28EA885A00DF822D /* FirebaseDatabaseSwift */; };
		9EDBB32028EA885A00DF822D /* FirebaseDynamicLinks in Frameworks */ = {isa = PBXBuildFile; productRef = 9EDBB31F28EA885A00DF822D /* FirebaseDynamicLinks */; };
		9EDBB32228EA885A00DF822D /* FirebaseFirestore in Frameworks */ = {isa = PBXBuildFile; productRef = 9EDBB32128EA885A00DF822D /* FirebaseFirestore */; };
		9EDBB32428EA885A00DF822D /* FirebaseFirestoreCombine-Community in Frameworks */ = {isa = PBXBuildFile; productRef = 9EDBB32328EA885A00DF822D /* FirebaseFirestoreCombine-Community */; };
		9EDBB32628EA885A00DF822D /* FirebaseFirestoreSwift in Frameworks */ = {isa = PBXBuildFile; productRef = 9EDBB32528EA885A00DF822D /* FirebaseFirestoreSwift */; };
		9EDBB32828EA885A00DF822D /* FirebaseFunctions in Frameworks */ = {isa = PBXBuildFile; productRef = 9EDBB32728EA885A00DF822D /* FirebaseFunctions */; };
		9EDBB32A28EA885A00DF822D /* FirebaseFunctionsCombine-Community in Frameworks */ = {isa = PBXBuildFile; productRef = 9EDBB32928EA885A00DF822D /* FirebaseFunctionsCombine-Community */; };
		9EDBB32C28EA885A00DF822D /* FirebaseInAppMessaging-Beta in Frameworks */ = {isa = PBXBuildFile; productRef = 9EDBB32B28EA885A00DF822D /* FirebaseInAppMessaging-Beta */; };
		9EDBB32E28EA885A00DF822D /* FirebaseInAppMessagingSwift-Beta in Frameworks */ = {isa = PBXBuildFile; productRef = 9EDBB32D28EA885A00DF822D /* FirebaseInAppMessagingSwift-Beta */; };
		9EDBB33028EA885A00DF822D /* FirebaseInstallations in Frameworks */ = {isa = PBXBuildFile; productRef = 9EDBB32F28EA885A00DF822D /* FirebaseInstallations */; };
		9EDBB33228EA885A00DF822D /* FirebaseMLModelDownloader in Frameworks */ = {isa = PBXBuildFile; productRef = 9EDBB33128EA885A00DF822D /* FirebaseMLModelDownloader */; };
		9EDBB33428EA885A00DF822D /* FirebaseMessaging in Frameworks */ = {isa = PBXBuildFile; productRef = 9EDBB33328EA885A00DF822D /* FirebaseMessaging */; };
		9EDBB33628EA885A00DF822D /* FirebasePerformance in Frameworks */ = {isa = PBXBuildFile; productRef = 9EDBB33528EA885A00DF822D /* FirebasePerformance */; };
		9EDBB33828EA885A00DF822D /* FirebaseRemoteConfig in Frameworks */ = {isa = PBXBuildFile; productRef = 9EDBB33728EA885A00DF822D /* FirebaseRemoteConfig */; };
		9EDBB33A28EA885A00DF822D /* FirebaseRemoteConfigSwift in Frameworks */ = {isa = PBXBuildFile; productRef = 9EDBB33928EA885A00DF822D /* FirebaseRemoteConfigSwift */; };
		9EDBB33C28EA885A00DF822D /* FirebaseStorage in Frameworks */ = {isa = PBXBuildFile; productRef = 9EDBB33B28EA885A00DF822D /* FirebaseStorage */; };
		9EDBB33E28EA885A00DF822D /* FirebaseStorageCombine-Community in Frameworks */ = {isa = PBXBuildFile; productRef = 9EDBB33D28EA885A00DF822D /* FirebaseStorageCombine-Community */; };
		B1CE459D283D35300047EA35 /* SignInViewController.swift in Sources */ = {isa = PBXBuildFile; fileRef = B1CE459C283D35300047EA35 /* SignInViewController.swift */; };
		B1CE459F283D38450047EA35 /* DashboardViewController.swift in Sources */ = {isa = PBXBuildFile; fileRef = B1CE459E283D38450047EA35 /* DashboardViewController.swift */; };
		B1CE45A1283D3D690047EA35 /* RentABikeViewController.swift in Sources */ = {isa = PBXBuildFile; fileRef = B1CE45A0283D3D690047EA35 /* RentABikeViewController.swift */; };
/* End PBXBuildFile section */

/* Begin PBXContainerItemProxy section */
		24DA6196283C3DD0004BE551 /* PBXContainerItemProxy */ = {
			isa = PBXContainerItemProxy;
			containerPortal = 24DA6177283C3DCE004BE551 /* Project object */;
			proxyType = 1;
			remoteGlobalIDString = 24DA617E283C3DCE004BE551;
			remoteInfo = Smart_Mobility;
		};
		24DA61A0283C3DD0004BE551 /* PBXContainerItemProxy */ = {
			isa = PBXContainerItemProxy;
			containerPortal = 24DA6177283C3DCE004BE551 /* Project object */;
			proxyType = 1;
			remoteGlobalIDString = 24DA617E283C3DCE004BE551;
			remoteInfo = Smart_Mobility;
		};
/* End PBXContainerItemProxy section */

/* Begin PBXFileReference section */
		24DA617F283C3DCE004BE551 /* Smart_Mobility.app */ = {isa = PBXFileReference; explicitFileType = wrapper.application; includeInIndex = 0; path = Smart_Mobility.app; sourceTree = BUILT_PRODUCTS_DIR; };
		24DA6182283C3DCE004BE551 /* AppDelegate.swift */ = {isa = PBXFileReference; lastKnownFileType = sourcecode.swift; path = AppDelegate.swift; sourceTree = "<group>"; };
		24DA6184283C3DCE004BE551 /* SceneDelegate.swift */ = {isa = PBXFileReference; lastKnownFileType = sourcecode.swift; path = SceneDelegate.swift; sourceTree = "<group>"; };
		24DA6186283C3DCE004BE551 /* HomeViewController.swift */ = {isa = PBXFileReference; lastKnownFileType = sourcecode.swift; path = HomeViewController.swift; sourceTree = "<group>"; };
		24DA6189283C3DCE004BE551 /* Base */ = {isa = PBXFileReference; lastKnownFileType = file.storyboard; name = Base; path = Base.lproj/Main.storyboard; sourceTree = "<group>"; };
		24DA618B283C3DCF004BE551 /* Assets.xcassets */ = {isa = PBXFileReference; lastKnownFileType = folder.assetcatalog; path = Assets.xcassets; sourceTree = "<group>"; };
		24DA618E283C3DCF004BE551 /* Base */ = {isa = PBXFileReference; lastKnownFileType = file.storyboard; name = Base; path = Base.lproj/LaunchScreen.storyboard; sourceTree = "<group>"; };
		24DA6190283C3DCF004BE551 /* Info.plist */ = {isa = PBXFileReference; lastKnownFileType = text.plist.xml; path = Info.plist; sourceTree = "<group>"; };
		24DA6195283C3DD0004BE551 /* Smart_MobilityTests.xctest */ = {isa = PBXFileReference; explicitFileType = wrapper.cfbundle; includeInIndex = 0; path = Smart_MobilityTests.xctest; sourceTree = BUILT_PRODUCTS_DIR; };
		24DA6199283C3DD0004BE551 /* Smart_MobilityTests.swift */ = {isa = PBXFileReference; lastKnownFileType = sourcecode.swift; path = Smart_MobilityTests.swift; sourceTree = "<group>"; };
		24DA619F283C3DD0004BE551 /* Smart_MobilityUITests.xctest */ = {isa = PBXFileReference; explicitFileType = wrapper.cfbundle; includeInIndex = 0; path = Smart_MobilityUITests.xctest; sourceTree = BUILT_PRODUCTS_DIR; };
		24DA61A3283C3DD0004BE551 /* Smart_MobilityUITests.swift */ = {isa = PBXFileReference; lastKnownFileType = sourcecode.swift; path = Smart_MobilityUITests.swift; sourceTree = "<group>"; };
		24DA61A5283C3DD0004BE551 /* Smart_MobilityUITestsLaunchTests.swift */ = {isa = PBXFileReference; lastKnownFileType = sourcecode.swift; path = Smart_MobilityUITestsLaunchTests.swift; sourceTree = "<group>"; };
		24DA61B2283C42F1004BE551 /* ForgotPasswordViewController.swift */ = {isa = PBXFileReference; lastKnownFileType = sourcecode.swift; path = ForgotPasswordViewController.swift; sourceTree = "<group>"; };
		24DA61B6283C4369004BE551 /* SignUpViewController.swift */ = {isa = PBXFileReference; lastKnownFileType = sourcecode.swift; path = SignUpViewController.swift; sourceTree = "<group>"; };
		9E20966A28F1EDF7002D6EC8 /* Constants.swift */ = {isa = PBXFileReference; fileEncoding = 4; lastKnownFileType = sourcecode.swift; path = Constants.swift; sourceTree = "<group>"; };
		9E20966C28F1F13F002D6EC8 /* NotificationsViewController.swift */ = {isa = PBXFileReference; lastKnownFileType = sourcecode.swift; path = NotificationsViewController.swift; sourceTree = "<group>"; };
		9E20966E28F1F163002D6EC8 /* WalletViewController.swift */ = {isa = PBXFileReference; lastKnownFileType = sourcecode.swift; path = WalletViewController.swift; sourceTree = "<group>"; };
		9E20967028F1F1BC002D6EC8 /* HelpViewController.swift */ = {isa = PBXFileReference; lastKnownFileType = sourcecode.swift; path = HelpViewController.swift; sourceTree = "<group>"; };
		9E20967228F1F1EC002D6EC8 /* ReportViewController.swift */ = {isa = PBXFileReference; lastKnownFileType = sourcecode.swift; path = ReportViewController.swift; sourceTree = "<group>"; };
		9E20967428F1F22E002D6EC8 /* ReferViewController.swift */ = {isa = PBXFileReference; lastKnownFileType = sourcecode.swift; path = ReferViewController.swift; sourceTree = "<group>"; };
		9E281C8D28D142A000BD5AAE /* SettingsViewController.swift */ = {isa = PBXFileReference; lastKnownFileType = sourcecode.swift; path = SettingsViewController.swift; sourceTree = "<group>"; };
		9E54101D28DBEC6600590E2C /* LocationPointsViewController.swift */ = {isa = PBXFileReference; lastKnownFileType = sourcecode.swift; path = LocationPointsViewController.swift; sourceTree = "<group>"; };
		9E54101F28DBEC8C00590E2C /* RideHistoryViewController.swift */ = {isa = PBXFileReference; lastKnownFileType = sourcecode.swift; path = RideHistoryViewController.swift; sourceTree = "<group>"; };
		9E54102128DBED2000590E2C /* PersonalInfoViewController.swift */ = {isa = PBXFileReference; lastKnownFileType = sourcecode.swift; path = PersonalInfoViewController.swift; sourceTree = "<group>"; };
		9E5B5FAC28C552F6003B937C /* GoogleService-Info.plist */ = {isa = PBXFileReference; fileEncoding = 4; lastKnownFileType = text.plist.xml; path = "GoogleService-Info.plist"; sourceTree = "<group>"; };
		9E5F6EB628F39C3C0000F297 /* DarkScannerLayerView.swift */ = {isa = PBXFileReference; fileEncoding = 4; lastKnownFileType = sourcecode.swift; path = DarkScannerLayerView.swift; sourceTree = "<group>"; };
		9E919C2728D3917800498281 /* SettingsResultViewController.swift */ = {isa = PBXFileReference; lastKnownFileType = sourcecode.swift; path = SettingsResultViewController.swift; sourceTree = "<group>"; };
		B1CE459C283D35300047EA35 /* SignInViewController.swift */ = {isa = PBXFileReference; lastKnownFileType = sourcecode.swift; path = SignInViewController.swift; sourceTree = "<group>"; };
		B1CE459E283D38450047EA35 /* DashboardViewController.swift */ = {isa = PBXFileReference; lastKnownFileType = sourcecode.swift; path = DashboardViewController.swift; sourceTree = "<group>"; };
		B1CE45A0283D3D690047EA35 /* RentABikeViewController.swift */ = {isa = PBXFileReference; lastKnownFileType = sourcecode.swift; path = RentABikeViewController.swift; sourceTree = "<group>"; };
/* End PBXFileReference section */

/* Begin PBXFrameworksBuildPhase section */
		24DA617C283C3DCE004BE551 /* Frameworks */ = {
			isa = PBXFrameworksBuildPhase;
			buildActionMask = 2147483647;
			files = (
				9EDBB31C28EA885A00DF822D /* FirebaseDatabase in Frameworks */,
				9EDBB32A28EA885A00DF822D /* FirebaseFunctionsCombine-Community in Frameworks */,
				9E5F6E9A28F390E70000F297 /* Mixpanel in Frameworks */,
				9EDBB32228EA885A00DF822D /* FirebaseFirestore in Frameworks */,
				9EDBB30E28EA885A00DF822D /* FirebaseAnalyticsSwift in Frameworks */,
				9EDBB30A28EA885A00DF822D /* FirebaseAnalytics in Frameworks */,
				9EDBB30C28EA885A00DF822D /* FirebaseAnalyticsOnDeviceConversion in Frameworks */,
				9EDBB33228EA885A00DF822D /* FirebaseMLModelDownloader in Frameworks */,
				9EDBB32628EA885A00DF822D /* FirebaseFirestoreSwift in Frameworks */,
				9EDBB31228EA885A00DF822D /* FirebaseAppCheck in Frameworks */,
				9EDBB31028EA885A00DF822D /* FirebaseAnalyticsWithoutAdIdSupport in Frameworks */,
				9EDBB31628EA885A00DF822D /* FirebaseAuth in Frameworks */,
				9EDBB31A28EA885A00DF822D /* FirebaseCrashlytics in Frameworks */,
				9EDBB33A28EA885A00DF822D /* FirebaseRemoteConfigSwift in Frameworks */,
				9EDBB32C28EA885A00DF822D /* FirebaseInAppMessaging-Beta in Frameworks */,
				9EDBB31E28EA885A00DF822D /* FirebaseDatabaseSwift in Frameworks */,
				9EDBB32828EA885A00DF822D /* FirebaseFunctions in Frameworks */,
				9EDBB33E28EA885A00DF822D /* FirebaseStorageCombine-Community in Frameworks */,
				9EDBB33828EA885A00DF822D /* FirebaseRemoteConfig in Frameworks */,
				9EDBB31428EA885A00DF822D /* FirebaseAppDistribution-Beta in Frameworks */,
				9EDBB31828EA885A00DF822D /* FirebaseAuthCombine-Community in Frameworks */,
				9EDBB33628EA885A00DF822D /* FirebasePerformance in Frameworks */,
				9EDBB32E28EA885A00DF822D /* FirebaseInAppMessagingSwift-Beta in Frameworks */,
				9EDBB33C28EA885A00DF822D /* FirebaseStorage in Frameworks */,
				9EDBB32028EA885A00DF822D /* FirebaseDynamicLinks in Frameworks */,
				9EDBB32428EA885A00DF822D /* FirebaseFirestoreCombine-Community in Frameworks */,
				9EDBB33428EA885A00DF822D /* FirebaseMessaging in Frameworks */,
				9EDBB33028EA885A00DF822D /* FirebaseInstallations in Frameworks */,
				9E5F6E9D28F3920A0000F297 /* Mixpanel in Frameworks */,
			);
			runOnlyForDeploymentPostprocessing = 0;
		};
		24DA6192283C3DD0004BE551 /* Frameworks */ = {
			isa = PBXFrameworksBuildPhase;
			buildActionMask = 2147483647;
			files = (
			);
			runOnlyForDeploymentPostprocessing = 0;
		};
		24DA619C283C3DD0004BE551 /* Frameworks */ = {
			isa = PBXFrameworksBuildPhase;
			buildActionMask = 2147483647;
			files = (
			);
			runOnlyForDeploymentPostprocessing = 0;
		};
/* End PBXFrameworksBuildPhase section */

/* Begin PBXGroup section */
		24DA6176283C3DCE004BE551 = {
			isa = PBXGroup;
			children = (
				24DA6181283C3DCE004BE551 /* Smart_Mobility */,
				24DA6198283C3DD0004BE551 /* Smart_MobilityTests */,
				24DA61A2283C3DD0004BE551 /* Smart_MobilityUITests */,
				24DA6180283C3DCE004BE551 /* Products */,
			);
			sourceTree = "<group>";
		};
		24DA6180283C3DCE004BE551 /* Products */ = {
			isa = PBXGroup;
			children = (
				24DA617F283C3DCE004BE551 /* Smart_Mobility.app */,
				24DA6195283C3DD0004BE551 /* Smart_MobilityTests.xctest */,
				24DA619F283C3DD0004BE551 /* Smart_MobilityUITests.xctest */,
			);
			name = Products;
			sourceTree = "<group>";
		};
		24DA6181283C3DCE004BE551 /* Smart_Mobility */ = {
			isa = PBXGroup;
			children = (
				24DA6182283C3DCE004BE551 /* AppDelegate.swift */,
				24DA6184283C3DCE004BE551 /* SceneDelegate.swift */,
				24DA6186283C3DCE004BE551 /* HomeViewController.swift */,
				B1CE459C283D35300047EA35 /* SignInViewController.swift */,
				24DA61B6283C4369004BE551 /* SignUpViewController.swift */,
				9E20966A28F1EDF7002D6EC8 /* Constants.swift */,
				24DA6188283C3DCE004BE551 /* Main.storyboard */,
				9E20967428F1F22E002D6EC8 /* ReferViewController.swift */,
				9E20967228F1F1EC002D6EC8 /* ReportViewController.swift */,
				9E20967028F1F1BC002D6EC8 /* HelpViewController.swift */,
				9E20966E28F1F163002D6EC8 /* WalletViewController.swift */,
				9E20966C28F1F13F002D6EC8 /* NotificationsViewController.swift */,
				9E54102128DBED2000590E2C /* PersonalInfoViewController.swift */,
				9E54101F28DBEC8C00590E2C /* RideHistoryViewController.swift */,
				9E54101D28DBEC6600590E2C /* LocationPointsViewController.swift */,
				B1CE45A0283D3D690047EA35 /* RentABikeViewController.swift */,
				9E5F6EB628F39C3C0000F297 /* DarkScannerLayerView.swift */,
				B1CE459E283D38450047EA35 /* DashboardViewController.swift */,
				24DA618B283C3DCF004BE551 /* Assets.xcassets */,
				24DA618D283C3DCF004BE551 /* LaunchScreen.storyboard */,
				24DA6190283C3DCF004BE551 /* Info.plist */,
				9E5B5FAC28C552F6003B937C /* GoogleService-Info.plist */,
				24DA61B2283C42F1004BE551 /* ForgotPasswordViewController.swift */,
				9E281C8D28D142A000BD5AAE /* SettingsViewController.swift */,
				9E919C2728D3917800498281 /* SettingsResultViewController.swift */,
			);
			path = Smart_Mobility;
			sourceTree = "<group>";
		};
		24DA6198283C3DD0004BE551 /* Smart_MobilityTests */ = {
			isa = PBXGroup;
			children = (
				24DA6199283C3DD0004BE551 /* Smart_MobilityTests.swift */,
			);
			path = Smart_MobilityTests;
			sourceTree = "<group>";
		};
		24DA61A2283C3DD0004BE551 /* Smart_MobilityUITests */ = {
			isa = PBXGroup;
			children = (
				24DA61A3283C3DD0004BE551 /* Smart_MobilityUITests.swift */,
				24DA61A5283C3DD0004BE551 /* Smart_MobilityUITestsLaunchTests.swift */,
			);
			path = Smart_MobilityUITests;
			sourceTree = "<group>";
		};
/* End PBXGroup section */

/* Begin PBXNativeTarget section */
		24DA617E283C3DCE004BE551 /* Smart_Mobility */ = {
			isa = PBXNativeTarget;
			buildConfigurationList = 24DA61A9283C3DD0004BE551 /* Build configuration list for PBXNativeTarget "Smart_Mobility" */;
			buildPhases = (
				24DA617B283C3DCE004BE551 /* Sources */,
				24DA617C283C3DCE004BE551 /* Frameworks */,
				24DA617D283C3DCE004BE551 /* Resources */,
			);
			buildRules = (
			);
			dependencies = (
			);
			name = Smart_Mobility;
			packageProductDependencies = (
				9EDBB30928EA885A00DF822D /* FirebaseAnalytics */,
				9EDBB30B28EA885A00DF822D /* FirebaseAnalyticsOnDeviceConversion */,
				9EDBB30D28EA885A00DF822D /* FirebaseAnalyticsSwift */,
				9EDBB30F28EA885A00DF822D /* FirebaseAnalyticsWithoutAdIdSupport */,
				9EDBB31128EA885A00DF822D /* FirebaseAppCheck */,
				9EDBB31328EA885A00DF822D /* FirebaseAppDistribution-Beta */,
				9EDBB31528EA885A00DF822D /* FirebaseAuth */,
				9EDBB31728EA885A00DF822D /* FirebaseAuthCombine-Community */,
				9EDBB31928EA885A00DF822D /* FirebaseCrashlytics */,
				9EDBB31B28EA885A00DF822D /* FirebaseDatabase */,
				9EDBB31D28EA885A00DF822D /* FirebaseDatabaseSwift */,
				9EDBB31F28EA885A00DF822D /* FirebaseDynamicLinks */,
				9EDBB32128EA885A00DF822D /* FirebaseFirestore */,
				9EDBB32328EA885A00DF822D /* FirebaseFirestoreCombine-Community */,
				9EDBB32528EA885A00DF822D /* FirebaseFirestoreSwift */,
				9EDBB32728EA885A00DF822D /* FirebaseFunctions */,
				9EDBB32928EA885A00DF822D /* FirebaseFunctionsCombine-Community */,
				9EDBB32B28EA885A00DF822D /* FirebaseInAppMessaging-Beta */,
				9EDBB32D28EA885A00DF822D /* FirebaseInAppMessagingSwift-Beta */,
				9EDBB32F28EA885A00DF822D /* FirebaseInstallations */,
				9EDBB33128EA885A00DF822D /* FirebaseMLModelDownloader */,
				9EDBB33328EA885A00DF822D /* FirebaseMessaging */,
				9EDBB33528EA885A00DF822D /* FirebasePerformance */,
				9EDBB33728EA885A00DF822D /* FirebaseRemoteConfig */,
				9EDBB33928EA885A00DF822D /* FirebaseRemoteConfigSwift */,
				9EDBB33B28EA885A00DF822D /* FirebaseStorage */,
				9EDBB33D28EA885A00DF822D /* FirebaseStorageCombine-Community */,
				9E5F6E9928F390E70000F297 /* Mixpanel */,
				9E5F6E9C28F3920A0000F297 /* Mixpanel */,
			);
			productName = Smart_Mobility;
			productReference = 24DA617F283C3DCE004BE551 /* Smart_Mobility.app */;
			productType = "com.apple.product-type.application";
		};
		24DA6194283C3DD0004BE551 /* Smart_MobilityTests */ = {
			isa = PBXNativeTarget;
			buildConfigurationList = 24DA61AC283C3DD0004BE551 /* Build configuration list for PBXNativeTarget "Smart_MobilityTests" */;
			buildPhases = (
				24DA6191283C3DD0004BE551 /* Sources */,
				24DA6192283C3DD0004BE551 /* Frameworks */,
				24DA6193283C3DD0004BE551 /* Resources */,
			);
			buildRules = (
			);
			dependencies = (
				24DA6197283C3DD0004BE551 /* PBXTargetDependency */,
			);
			name = Smart_MobilityTests;
			productName = Smart_MobilityTests;
			productReference = 24DA6195283C3DD0004BE551 /* Smart_MobilityTests.xctest */;
			productType = "com.apple.product-type.bundle.unit-test";
		};
		24DA619E283C3DD0004BE551 /* Smart_MobilityUITests */ = {
			isa = PBXNativeTarget;
			buildConfigurationList = 24DA61AF283C3DD0004BE551 /* Build configuration list for PBXNativeTarget "Smart_MobilityUITests" */;
			buildPhases = (
				24DA619B283C3DD0004BE551 /* Sources */,
				24DA619C283C3DD0004BE551 /* Frameworks */,
				24DA619D283C3DD0004BE551 /* Resources */,
			);
			buildRules = (
			);
			dependencies = (
				24DA61A1283C3DD0004BE551 /* PBXTargetDependency */,
			);
			name = Smart_MobilityUITests;
			productName = Smart_MobilityUITests;
			productReference = 24DA619F283C3DD0004BE551 /* Smart_MobilityUITests.xctest */;
			productType = "com.apple.product-type.bundle.ui-testing";
		};
/* End PBXNativeTarget section */

/* Begin PBXProject section */
		24DA6177283C3DCE004BE551 /* Project object */ = {
			isa = PBXProject;
			attributes = {
				BuildIndependentTargetsInParallel = 1;
				LastSwiftUpdateCheck = 1320;
				LastUpgradeCheck = 1320;
				TargetAttributes = {
					24DA617E283C3DCE004BE551 = {
						CreatedOnToolsVersion = 13.2.1;
					};
					24DA6194283C3DD0004BE551 = {
						CreatedOnToolsVersion = 13.2.1;
						TestTargetID = 24DA617E283C3DCE004BE551;
					};
					24DA619E283C3DD0004BE551 = {
						CreatedOnToolsVersion = 13.2.1;
						TestTargetID = 24DA617E283C3DCE004BE551;
					};
				};
			};
			buildConfigurationList = 24DA617A283C3DCE004BE551 /* Build configuration list for PBXProject "Smart_Mobility" */;
			compatibilityVersion = "Xcode 13.0";
			developmentRegion = en;
			hasScannedForEncodings = 0;
			knownRegions = (
				en,
				Base,
			);
			mainGroup = 24DA6176283C3DCE004BE551;
			packageReferences = (
				9E281C1928C90BC800BD5AAE /* XCRemoteSwiftPackageReference "firebase-ios-sdk" */,
				9E281C5428C90FBB00BD5AAE /* XCRemoteSwiftPackageReference "firebase-ios-sdk" */,
				9EDBB30828EA885A00DF822D /* XCRemoteSwiftPackageReference "firebase-ios-sdk" */,
				9E5F6E9828F390E70000F297 /* XCRemoteSwiftPackageReference "mixpanel-swift" */,
				9E5F6E9B28F3920A0000F297 /* XCRemoteSwiftPackageReference "mixpanel-swift" */,
			);
			productRefGroup = 24DA6180283C3DCE004BE551 /* Products */;
			projectDirPath = "";
			projectRoot = "";
			targets = (
				24DA617E283C3DCE004BE551 /* Smart_Mobility */,
				24DA6194283C3DD0004BE551 /* Smart_MobilityTests */,
				24DA619E283C3DD0004BE551 /* Smart_MobilityUITests */,
			);
		};
/* End PBXProject section */

/* Begin PBXResourcesBuildPhase section */
		24DA617D283C3DCE004BE551 /* Resources */ = {
			isa = PBXResourcesBuildPhase;
			buildActionMask = 2147483647;
			files = (
				24DA618F283C3DCF004BE551 /* LaunchScreen.storyboard in Resources */,
				9E5B5FAD28C552F6003B937C /* GoogleService-Info.plist in Resources */,
				24DA618C283C3DCF004BE551 /* Assets.xcassets in Resources */,
				24DA618A283C3DCE004BE551 /* Main.storyboard in Resources */,
			);
			runOnlyForDeploymentPostprocessing = 0;
		};
		24DA6193283C3DD0004BE551 /* Resources */ = {
			isa = PBXResourcesBuildPhase;
			buildActionMask = 2147483647;
			files = (
			);
			runOnlyForDeploymentPostprocessing = 0;
		};
		24DA619D283C3DD0004BE551 /* Resources */ = {
			isa = PBXResourcesBuildPhase;
			buildActionMask = 2147483647;
			files = (
			);
			runOnlyForDeploymentPostprocessing = 0;
		};
/* End PBXResourcesBuildPhase section */

/* Begin PBXSourcesBuildPhase section */
		24DA617B283C3DCE004BE551 /* Sources */ = {
			isa = PBXSourcesBuildPhase;
			buildActionMask = 2147483647;
			files = (
				9E20966D28F1F13F002D6EC8 /* NotificationsViewController.swift in Sources */,
				24DA61B3283C42F1004BE551 /* ForgotPasswordViewController.swift in Sources */,
				9E54101E28DBEC6600590E2C /* LocationPointsViewController.swift in Sources */,
				B1CE459F283D38450047EA35 /* DashboardViewController.swift in Sources */,
				9E54102028DBEC8C00590E2C /* RideHistoryViewController.swift in Sources */,
				24DA6187283C3DCE004BE551 /* HomeViewController.swift in Sources */,
				9E281C8E28D142A000BD5AAE /* SettingsViewController.swift in Sources */,
				B1CE459D283D35300047EA35 /* SignInViewController.swift in Sources */,
				B1CE45A1283D3D690047EA35 /* RentABikeViewController.swift in Sources */,
				9E54102228DBED2000590E2C /* PersonalInfoViewController.swift in Sources */,
				24DA6183283C3DCE004BE551 /* AppDelegate.swift in Sources */,
				9E20967128F1F1BC002D6EC8 /* HelpViewController.swift in Sources */,
				24DA6185283C3DCE004BE551 /* SceneDelegate.swift in Sources */,
				9E20966B28F1EDF7002D6EC8 /* Constants.swift in Sources */,
				9E5F6EB728F39C3C0000F297 /* DarkScannerLayerView.swift in Sources */,
				9E20967528F1F22E002D6EC8 /* ReferViewController.swift in Sources */,
				9E20967328F1F1EC002D6EC8 /* ReportViewController.swift in Sources */,
				9E20966F28F1F163002D6EC8 /* WalletViewController.swift in Sources */,
				24DA61B7283C4369004BE551 /* SignUpViewController.swift in Sources */,
				9E919C2828D3917800498281 /* SettingsResultViewController.swift in Sources */,
			);
			runOnlyForDeploymentPostprocessing = 0;
		};
		24DA6191283C3DD0004BE551 /* Sources */ = {
			isa = PBXSourcesBuildPhase;
			buildActionMask = 2147483647;
			files = (
				24DA619A283C3DD0004BE551 /* Smart_MobilityTests.swift in Sources */,
			);
			runOnlyForDeploymentPostprocessing = 0;
		};
		24DA619B283C3DD0004BE551 /* Sources */ = {
			isa = PBXSourcesBuildPhase;
			buildActionMask = 2147483647;
			files = (
				24DA61A4283C3DD0004BE551 /* Smart_MobilityUITests.swift in Sources */,
				24DA61A6283C3DD0004BE551 /* Smart_MobilityUITestsLaunchTests.swift in Sources */,
			);
			runOnlyForDeploymentPostprocessing = 0;
		};
/* End PBXSourcesBuildPhase section */

/* Begin PBXTargetDependency section */
		24DA6197283C3DD0004BE551 /* PBXTargetDependency */ = {
			isa = PBXTargetDependency;
			target = 24DA617E283C3DCE004BE551 /* Smart_Mobility */;
			targetProxy = 24DA6196283C3DD0004BE551 /* PBXContainerItemProxy */;
		};
		24DA61A1283C3DD0004BE551 /* PBXTargetDependency */ = {
			isa = PBXTargetDependency;
			target = 24DA617E283C3DCE004BE551 /* Smart_Mobility */;
			targetProxy = 24DA61A0283C3DD0004BE551 /* PBXContainerItemProxy */;
		};
/* End PBXTargetDependency section */

/* Begin PBXVariantGroup section */
		24DA6188283C3DCE004BE551 /* Main.storyboard */ = {
			isa = PBXVariantGroup;
			children = (
				24DA6189283C3DCE004BE551 /* Base */,
			);
			name = Main.storyboard;
			sourceTree = "<group>";
		};
		24DA618D283C3DCF004BE551 /* LaunchScreen.storyboard */ = {
			isa = PBXVariantGroup;
			children = (
				24DA618E283C3DCF004BE551 /* Base */,
			);
			name = LaunchScreen.storyboard;
			sourceTree = "<group>";
		};
/* End PBXVariantGroup section */

/* Begin XCBuildConfiguration section */
		24DA61A7283C3DD0004BE551 /* Debug */ = {
			isa = XCBuildConfiguration;
			buildSettings = {
				ALWAYS_SEARCH_USER_PATHS = NO;
				CLANG_ANALYZER_NONNULL = YES;
				CLANG_ANALYZER_NUMBER_OBJECT_CONVERSION = YES_AGGRESSIVE;
				CLANG_CXX_LANGUAGE_STANDARD = "gnu++17";
				CLANG_CXX_LIBRARY = "libc++";
				CLANG_ENABLE_MODULES = YES;
				CLANG_ENABLE_OBJC_ARC = YES;
				CLANG_ENABLE_OBJC_WEAK = YES;
				CLANG_WARN_BLOCK_CAPTURE_AUTORELEASING = YES;
				CLANG_WARN_BOOL_CONVERSION = YES;
				CLANG_WARN_COMMA = YES;
				CLANG_WARN_CONSTANT_CONVERSION = YES;
				CLANG_WARN_DEPRECATED_OBJC_IMPLEMENTATIONS = YES;
				CLANG_WARN_DIRECT_OBJC_ISA_USAGE = YES_ERROR;
				CLANG_WARN_DOCUMENTATION_COMMENTS = YES;
				CLANG_WARN_EMPTY_BODY = YES;
				CLANG_WARN_ENUM_CONVERSION = YES;
				CLANG_WARN_INFINITE_RECURSION = YES;
				CLANG_WARN_INT_CONVERSION = YES;
				CLANG_WARN_NON_LITERAL_NULL_CONVERSION = YES;
				CLANG_WARN_OBJC_IMPLICIT_RETAIN_SELF = YES;
				CLANG_WARN_OBJC_LITERAL_CONVERSION = YES;
				CLANG_WARN_OBJC_ROOT_CLASS = YES_ERROR;
				CLANG_WARN_QUOTED_INCLUDE_IN_FRAMEWORK_HEADER = YES;
				CLANG_WARN_RANGE_LOOP_ANALYSIS = YES;
				CLANG_WARN_STRICT_PROTOTYPES = YES;
				CLANG_WARN_SUSPICIOUS_MOVE = YES;
				CLANG_WARN_UNGUARDED_AVAILABILITY = YES_AGGRESSIVE;
				CLANG_WARN_UNREACHABLE_CODE = YES;
				CLANG_WARN__DUPLICATE_METHOD_MATCH = YES;
				COPY_PHASE_STRIP = NO;
				DEBUG_INFORMATION_FORMAT = dwarf;
				ENABLE_STRICT_OBJC_MSGSEND = YES;
				ENABLE_TESTABILITY = YES;
				GCC_C_LANGUAGE_STANDARD = gnu11;
				GCC_DYNAMIC_NO_PIC = NO;
				GCC_NO_COMMON_BLOCKS = YES;
				GCC_OPTIMIZATION_LEVEL = 0;
				GCC_PREPROCESSOR_DEFINITIONS = (
					"DEBUG=1",
					"$(inherited)",
				);
				GCC_WARN_64_TO_32_BIT_CONVERSION = YES;
				GCC_WARN_ABOUT_RETURN_TYPE = YES_ERROR;
				GCC_WARN_UNDECLARED_SELECTOR = YES;
				GCC_WARN_UNINITIALIZED_AUTOS = YES_AGGRESSIVE;
				GCC_WARN_UNUSED_FUNCTION = YES;
				GCC_WARN_UNUSED_VARIABLE = YES;
				IPHONEOS_DEPLOYMENT_TARGET = 15.2;
				MTL_ENABLE_DEBUG_INFO = INCLUDE_SOURCE;
				MTL_FAST_MATH = YES;
				ONLY_ACTIVE_ARCH = YES;
				SDKROOT = iphoneos;
				SWIFT_ACTIVE_COMPILATION_CONDITIONS = DEBUG;
				SWIFT_OPTIMIZATION_LEVEL = "-Onone";
			};
			name = Debug;
		};
		24DA61A8283C3DD0004BE551 /* Release */ = {
			isa = XCBuildConfiguration;
			buildSettings = {
				ALWAYS_SEARCH_USER_PATHS = NO;
				CLANG_ANALYZER_NONNULL = YES;
				CLANG_ANALYZER_NUMBER_OBJECT_CONVERSION = YES_AGGRESSIVE;
				CLANG_CXX_LANGUAGE_STANDARD = "gnu++17";
				CLANG_CXX_LIBRARY = "libc++";
				CLANG_ENABLE_MODULES = YES;
				CLANG_ENABLE_OBJC_ARC = YES;
				CLANG_ENABLE_OBJC_WEAK = YES;
				CLANG_WARN_BLOCK_CAPTURE_AUTORELEASING = YES;
				CLANG_WARN_BOOL_CONVERSION = YES;
				CLANG_WARN_COMMA = YES;
				CLANG_WARN_CONSTANT_CONVERSION = YES;
				CLANG_WARN_DEPRECATED_OBJC_IMPLEMENTATIONS = YES;
				CLANG_WARN_DIRECT_OBJC_ISA_USAGE = YES_ERROR;
				CLANG_WARN_DOCUMENTATION_COMMENTS = YES;
				CLANG_WARN_EMPTY_BODY = YES;
				CLANG_WARN_ENUM_CONVERSION = YES;
				CLANG_WARN_INFINITE_RECURSION = YES;
				CLANG_WARN_INT_CONVERSION = YES;
				CLANG_WARN_NON_LITERAL_NULL_CONVERSION = YES;
				CLANG_WARN_OBJC_IMPLICIT_RETAIN_SELF = YES;
				CLANG_WARN_OBJC_LITERAL_CONVERSION = YES;
				CLANG_WARN_OBJC_ROOT_CLASS = YES_ERROR;
				CLANG_WARN_QUOTED_INCLUDE_IN_FRAMEWORK_HEADER = YES;
				CLANG_WARN_RANGE_LOOP_ANALYSIS = YES;
				CLANG_WARN_STRICT_PROTOTYPES = YES;
				CLANG_WARN_SUSPICIOUS_MOVE = YES;
				CLANG_WARN_UNGUARDED_AVAILABILITY = YES_AGGRESSIVE;
				CLANG_WARN_UNREACHABLE_CODE = YES;
				CLANG_WARN__DUPLICATE_METHOD_MATCH = YES;
				COPY_PHASE_STRIP = NO;
				DEBUG_INFORMATION_FORMAT = "dwarf-with-dsym";
				ENABLE_NS_ASSERTIONS = NO;
				ENABLE_STRICT_OBJC_MSGSEND = YES;
				GCC_C_LANGUAGE_STANDARD = gnu11;
				GCC_NO_COMMON_BLOCKS = YES;
				GCC_WARN_64_TO_32_BIT_CONVERSION = YES;
				GCC_WARN_ABOUT_RETURN_TYPE = YES_ERROR;
				GCC_WARN_UNDECLARED_SELECTOR = YES;
				GCC_WARN_UNINITIALIZED_AUTOS = YES_AGGRESSIVE;
				GCC_WARN_UNUSED_FUNCTION = YES;
				GCC_WARN_UNUSED_VARIABLE = YES;
				IPHONEOS_DEPLOYMENT_TARGET = 15.2;
				MTL_ENABLE_DEBUG_INFO = NO;
				MTL_FAST_MATH = YES;
				SDKROOT = iphoneos;
				SWIFT_COMPILATION_MODE = wholemodule;
				SWIFT_OPTIMIZATION_LEVEL = "-O";
				VALIDATE_PRODUCT = YES;
			};
			name = Release;
		};
		24DA61AA283C3DD0004BE551 /* Debug */ = {
			isa = XCBuildConfiguration;
			buildSettings = {
				ASSETCATALOG_COMPILER_APPICON_NAME = AppIcon;
				ASSETCATALOG_COMPILER_GLOBAL_ACCENT_COLOR_NAME = AccentColor;
				CODE_SIGN_STYLE = Automatic;
				CURRENT_PROJECT_VERSION = 1;
				GENERATE_INFOPLIST_FILE = YES;
				INFOPLIST_FILE = Smart_Mobility/Info.plist;
				INFOPLIST_KEY_UIApplicationSupportsIndirectInputEvents = YES;
				INFOPLIST_KEY_UILaunchStoryboardName = LaunchScreen;
				INFOPLIST_KEY_UIMainStoryboardFile = Main;
				INFOPLIST_KEY_UISupportedInterfaceOrientations_iPad = "UIInterfaceOrientationPortrait UIInterfaceOrientationPortraitUpsideDown UIInterfaceOrientationLandscapeLeft UIInterfaceOrientationLandscapeRight";
				INFOPLIST_KEY_UISupportedInterfaceOrientations_iPhone = "UIInterfaceOrientationPortrait UIInterfaceOrientationLandscapeLeft UIInterfaceOrientationLandscapeRight";
				IPHONEOS_DEPLOYMENT_TARGET = 15.0;
				LD_RUNPATH_SEARCH_PATHS = (
					"$(inherited)",
					"@executable_path/Frameworks",
				);
				MARKETING_VERSION = 1.0;
				PRODUCT_BUNDLE_IDENTIFIER = "nwmsu.Smart-Mobility";
				PRODUCT_NAME = "$(TARGET_NAME)";
				SWIFT_EMIT_LOC_STRINGS = YES;
				SWIFT_VERSION = 5.0;
				TARGETED_DEVICE_FAMILY = 1;
			};
			name = Debug;
		};
		24DA61AB283C3DD0004BE551 /* Release */ = {
			isa = XCBuildConfiguration;
			buildSettings = {
				ASSETCATALOG_COMPILER_APPICON_NAME = AppIcon;
				ASSETCATALOG_COMPILER_GLOBAL_ACCENT_COLOR_NAME = AccentColor;
				CODE_SIGN_STYLE = Automatic;
				CURRENT_PROJECT_VERSION = 1;
				GENERATE_INFOPLIST_FILE = YES;
				INFOPLIST_FILE = Smart_Mobility/Info.plist;
				INFOPLIST_KEY_UIApplicationSupportsIndirectInputEvents = YES;
				INFOPLIST_KEY_UILaunchStoryboardName = LaunchScreen;
				INFOPLIST_KEY_UIMainStoryboardFile = Main;
				INFOPLIST_KEY_UISupportedInterfaceOrientations_iPad = "UIInterfaceOrientationPortrait UIInterfaceOrientationPortraitUpsideDown UIInterfaceOrientationLandscapeLeft UIInterfaceOrientationLandscapeRight";
				INFOPLIST_KEY_UISupportedInterfaceOrientations_iPhone = "UIInterfaceOrientationPortrait UIInterfaceOrientationLandscapeLeft UIInterfaceOrientationLandscapeRight";
				IPHONEOS_DEPLOYMENT_TARGET = 15.0;
				LD_RUNPATH_SEARCH_PATHS = (
					"$(inherited)",
					"@executable_path/Frameworks",
				);
				MARKETING_VERSION = 1.0;
				PRODUCT_BUNDLE_IDENTIFIER = "nwmsu.Smart-Mobility";
				PRODUCT_NAME = "$(TARGET_NAME)";
				SWIFT_EMIT_LOC_STRINGS = YES;
				SWIFT_VERSION = 5.0;
				TARGETED_DEVICE_FAMILY = 1;
			};
			name = Release;
		};
		24DA61AD283C3DD0004BE551 /* Debug */ = {
			isa = XCBuildConfiguration;
			buildSettings = {
				ALWAYS_EMBED_SWIFT_STANDARD_LIBRARIES = YES;
				BUNDLE_LOADER = "$(TEST_HOST)";
				CODE_SIGN_STYLE = Automatic;
				CURRENT_PROJECT_VERSION = 1;
				GENERATE_INFOPLIST_FILE = YES;
				IPHONEOS_DEPLOYMENT_TARGET = 15.2;
				MARKETING_VERSION = 1.0;
				PRODUCT_BUNDLE_IDENTIFIER = "nwmsu.Smart-MobilityTests";
				PRODUCT_NAME = "$(TARGET_NAME)";
				SWIFT_EMIT_LOC_STRINGS = NO;
				SWIFT_VERSION = 5.0;
				TARGETED_DEVICE_FAMILY = "1,2";
				TEST_HOST = "$(BUILT_PRODUCTS_DIR)/Smart_Mobility.app/Smart_Mobility";
			};
			name = Debug;
		};
		24DA61AE283C3DD0004BE551 /* Release */ = {
			isa = XCBuildConfiguration;
			buildSettings = {
				ALWAYS_EMBED_SWIFT_STANDARD_LIBRARIES = YES;
				BUNDLE_LOADER = "$(TEST_HOST)";
				CODE_SIGN_STYLE = Automatic;
				CURRENT_PROJECT_VERSION = 1;
				GENERATE_INFOPLIST_FILE = YES;
				IPHONEOS_DEPLOYMENT_TARGET = 15.2;
				MARKETING_VERSION = 1.0;
				PRODUCT_BUNDLE_IDENTIFIER = "nwmsu.Smart-MobilityTests";
				PRODUCT_NAME = "$(TARGET_NAME)";
				SWIFT_EMIT_LOC_STRINGS = NO;
				SWIFT_VERSION = 5.0;
				TARGETED_DEVICE_FAMILY = "1,2";
				TEST_HOST = "$(BUILT_PRODUCTS_DIR)/Smart_Mobility.app/Smart_Mobility";
			};
			name = Release;
		};
		24DA61B0283C3DD0004BE551 /* Debug */ = {
			isa = XCBuildConfiguration;
			buildSettings = {
				ALWAYS_EMBED_SWIFT_STANDARD_LIBRARIES = YES;
				CODE_SIGN_STYLE = Automatic;
				CURRENT_PROJECT_VERSION = 1;
				GENERATE_INFOPLIST_FILE = YES;
				MARKETING_VERSION = 1.0;
				PRODUCT_BUNDLE_IDENTIFIER = "nwmsu.Smart-MobilityUITests";
				PRODUCT_NAME = "$(TARGET_NAME)";
				SWIFT_EMIT_LOC_STRINGS = NO;
				SWIFT_VERSION = 5.0;
				TARGETED_DEVICE_FAMILY = "1,2";
				TEST_TARGET_NAME = Smart_Mobility;
			};
			name = Debug;
		};
		24DA61B1283C3DD0004BE551 /* Release */ = {
			isa = XCBuildConfiguration;
			buildSettings = {
				ALWAYS_EMBED_SWIFT_STANDARD_LIBRARIES = YES;
				CODE_SIGN_STYLE = Automatic;
				CURRENT_PROJECT_VERSION = 1;
				GENERATE_INFOPLIST_FILE = YES;
				MARKETING_VERSION = 1.0;
				PRODUCT_BUNDLE_IDENTIFIER = "nwmsu.Smart-MobilityUITests";
				PRODUCT_NAME = "$(TARGET_NAME)";
				SWIFT_EMIT_LOC_STRINGS = NO;
				SWIFT_VERSION = 5.0;
				TARGETED_DEVICE_FAMILY = "1,2";
				TEST_TARGET_NAME = Smart_Mobility;
			};
			name = Release;
		};
/* End XCBuildConfiguration section */

/* Begin XCConfigurationList section */
		24DA617A283C3DCE004BE551 /* Build configuration list for PBXProject "Smart_Mobility" */ = {
			isa = XCConfigurationList;
			buildConfigurations = (
				24DA61A7283C3DD0004BE551 /* Debug */,
				24DA61A8283C3DD0004BE551 /* Release */,
			);
			defaultConfigurationIsVisible = 0;
			defaultConfigurationName = Release;
		};
		24DA61A9283C3DD0004BE551 /* Build configuration list for PBXNativeTarget "Smart_Mobility" */ = {
			isa = XCConfigurationList;
			buildConfigurations = (
				24DA61AA283C3DD0004BE551 /* Debug */,
				24DA61AB283C3DD0004BE551 /* Release */,
			);
			defaultConfigurationIsVisible = 0;
			defaultConfigurationName = Release;
		};
		24DA61AC283C3DD0004BE551 /* Build configuration list for PBXNativeTarget "Smart_MobilityTests" */ = {
			isa = XCConfigurationList;
			buildConfigurations = (
				24DA61AD283C3DD0004BE551 /* Debug */,
				24DA61AE283C3DD0004BE551 /* Release */,
			);
			defaultConfigurationIsVisible = 0;
			defaultConfigurationName = Release;
		};
		24DA61AF283C3DD0004BE551 /* Build configuration list for PBXNativeTarget "Smart_MobilityUITests" */ = {
			isa = XCConfigurationList;
			buildConfigurations = (
				24DA61B0283C3DD0004BE551 /* Debug */,
				24DA61B1283C3DD0004BE551 /* Release */,
			);
			defaultConfigurationIsVisible = 0;
			defaultConfigurationName = Release;
		};
/* End XCConfigurationList section */

/* Begin XCRemoteSwiftPackageReference section */
		9E281C1928C90BC800BD5AAE /* XCRemoteSwiftPackageReference "firebase-ios-sdk" */ = {
			isa = XCRemoteSwiftPackageReference;
			repositoryURL = "https://github.com/firebase/firebase-ios-sdk";
			requirement = {
				branch = master;
				kind = branch;
			};
		};
		9E281C5428C90FBB00BD5AAE /* XCRemoteSwiftPackageReference "firebase-ios-sdk" */ = {
			isa = XCRemoteSwiftPackageReference;
			repositoryURL = "https://github.com/firebase/firebase-ios-sdk";
			requirement = {
				branch = master;
				kind = branch;
			};
		};
		9E5F6E9828F390E70000F297 /* XCRemoteSwiftPackageReference "mixpanel-swift" */ = {
			isa = XCRemoteSwiftPackageReference;
			repositoryURL = "https://github.com/mixpanel/mixpanel-swift.git";
			requirement = {
				branch = master;
				kind = branch;
			};
		};
		9E5F6E9B28F3920A0000F297 /* XCRemoteSwiftPackageReference "mixpanel-swift" */ = {
			isa = XCRemoteSwiftPackageReference;
			repositoryURL = "https://github.com/mixpanel/mixpanel-swift.git";
			requirement = {
				branch = master;
				kind = branch;
			};
		};
		9EDBB30828EA885A00DF822D /* XCRemoteSwiftPackageReference "firebase-ios-sdk" */ = {
			isa = XCRemoteSwiftPackageReference;
			repositoryURL = "https://github.com/firebase/firebase-ios-sdk";
			requirement = {
				branch = master;
				kind = branch;
			};
		};
/* End XCRemoteSwiftPackageReference section */

/* Begin XCSwiftPackageProductDependency section */
		9E5F6E9928F390E70000F297 /* Mixpanel */ = {
			isa = XCSwiftPackageProductDependency;
			package = 9E5F6E9828F390E70000F297 /* XCRemoteSwiftPackageReference "mixpanel-swift" */;
			productName = Mixpanel;
		};
		9E5F6E9C28F3920A0000F297 /* Mixpanel */ = {
			isa = XCSwiftPackageProductDependency;
			package = 9E5F6E9828F390E70000F297 /* XCRemoteSwiftPackageReference "mixpanel-swift" */;
			productName = Mixpanel;
		};
		9EDBB30928EA885A00DF822D /* FirebaseAnalytics */ = {
			isa = XCSwiftPackageProductDependency;
			package = 9E281C1928C90BC800BD5AAE /* XCRemoteSwiftPackageReference "firebase-ios-sdk" */;
			productName = FirebaseAnalytics;
		};
		9EDBB30B28EA885A00DF822D /* FirebaseAnalyticsOnDeviceConversion */ = {
			isa = XCSwiftPackageProductDependency;
			package = 9E281C1928C90BC800BD5AAE /* XCRemoteSwiftPackageReference "firebase-ios-sdk" */;
			productName = FirebaseAnalyticsOnDeviceConversion;
		};
		9EDBB30D28EA885A00DF822D /* FirebaseAnalyticsSwift */ = {
			isa = XCSwiftPackageProductDependency;
			package = 9E281C1928C90BC800BD5AAE /* XCRemoteSwiftPackageReference "firebase-ios-sdk" */;
			productName = FirebaseAnalyticsSwift;
		};
		9EDBB30F28EA885A00DF822D /* FirebaseAnalyticsWithoutAdIdSupport */ = {
			isa = XCSwiftPackageProductDependency;
			package = 9E281C1928C90BC800BD5AAE /* XCRemoteSwiftPackageReference "firebase-ios-sdk" */;
			productName = FirebaseAnalyticsWithoutAdIdSupport;
		};
		9EDBB31128EA885A00DF822D /* FirebaseAppCheck */ = {
			isa = XCSwiftPackageProductDependency;
			package = 9E281C1928C90BC800BD5AAE /* XCRemoteSwiftPackageReference "firebase-ios-sdk" */;
			productName = FirebaseAppCheck;
		};
		9EDBB31328EA885A00DF822D /* FirebaseAppDistribution-Beta */ = {
			isa = XCSwiftPackageProductDependency;
			package = 9E281C1928C90BC800BD5AAE /* XCRemoteSwiftPackageReference "firebase-ios-sdk" */;
			productName = "FirebaseAppDistribution-Beta";
		};
		9EDBB31528EA885A00DF822D /* FirebaseAuth */ = {
			isa = XCSwiftPackageProductDependency;
			package = 9E281C1928C90BC800BD5AAE /* XCRemoteSwiftPackageReference "firebase-ios-sdk" */;
			productName = FirebaseAuth;
		};
		9EDBB31728EA885A00DF822D /* FirebaseAuthCombine-Community */ = {
			isa = XCSwiftPackageProductDependency;
			package = 9E281C1928C90BC800BD5AAE /* XCRemoteSwiftPackageReference "firebase-ios-sdk" */;
			productName = "FirebaseAuthCombine-Community";
		};
		9EDBB31928EA885A00DF822D /* FirebaseCrashlytics */ = {
			isa = XCSwiftPackageProductDependency;
			package = 9E281C1928C90BC800BD5AAE /* XCRemoteSwiftPackageReference "firebase-ios-sdk" */;
			productName = FirebaseCrashlytics;
		};
		9EDBB31B28EA885A00DF822D /* FirebaseDatabase */ = {
			isa = XCSwiftPackageProductDependency;
			package = 9E281C1928C90BC800BD5AAE /* XCRemoteSwiftPackageReference "firebase-ios-sdk" */;
			productName = FirebaseDatabase;
		};
		9EDBB31D28EA885A00DF822D /* FirebaseDatabaseSwift */ = {
			isa = XCSwiftPackageProductDependency;
			package = 9E281C1928C90BC800BD5AAE /* XCRemoteSwiftPackageReference "firebase-ios-sdk" */;
			productName = FirebaseDatabaseSwift;
		};
		9EDBB31F28EA885A00DF822D /* FirebaseDynamicLinks */ = {
			isa = XCSwiftPackageProductDependency;
			package = 9E281C1928C90BC800BD5AAE /* XCRemoteSwiftPackageReference "firebase-ios-sdk" */;
			productName = FirebaseDynamicLinks;
		};
		9EDBB32128EA885A00DF822D /* FirebaseFirestore */ = {
			isa = XCSwiftPackageProductDependency;
			package = 9E281C1928C90BC800BD5AAE /* XCRemoteSwiftPackageReference "firebase-ios-sdk" */;
			productName = FirebaseFirestore;
		};
		9EDBB32328EA885A00DF822D /* FirebaseFirestoreCombine-Community */ = {
			isa = XCSwiftPackageProductDependency;
			package = 9E281C1928C90BC800BD5AAE /* XCRemoteSwiftPackageReference "firebase-ios-sdk" */;
			productName = "FirebaseFirestoreCombine-Community";
		};
		9EDBB32528EA885A00DF822D /* FirebaseFirestoreSwift */ = {
			isa = XCSwiftPackageProductDependency;
			package = 9E281C1928C90BC800BD5AAE /* XCRemoteSwiftPackageReference "firebase-ios-sdk" */;
			productName = FirebaseFirestoreSwift;
		};
		9EDBB32728EA885A00DF822D /* FirebaseFunctions */ = {
			isa = XCSwiftPackageProductDependency;
			package = 9E281C1928C90BC800BD5AAE /* XCRemoteSwiftPackageReference "firebase-ios-sdk" */;
			productName = FirebaseFunctions;
		};
		9EDBB32928EA885A00DF822D /* FirebaseFunctionsCombine-Community */ = {
			isa = XCSwiftPackageProductDependency;
			package = 9E281C1928C90BC800BD5AAE /* XCRemoteSwiftPackageReference "firebase-ios-sdk" */;
			productName = "FirebaseFunctionsCombine-Community";
		};
		9EDBB32B28EA885A00DF822D /* FirebaseInAppMessaging-Beta */ = {
			isa = XCSwiftPackageProductDependency;
			package = 9E281C1928C90BC800BD5AAE /* XCRemoteSwiftPackageReference "firebase-ios-sdk" */;
			productName = "FirebaseInAppMessaging-Beta";
		};
		9EDBB32D28EA885A00DF822D /* FirebaseInAppMessagingSwift-Beta */ = {
			isa = XCSwiftPackageProductDependency;
			package = 9E281C1928C90BC800BD5AAE /* XCRemoteSwiftPackageReference "firebase-ios-sdk" */;
			productName = "FirebaseInAppMessagingSwift-Beta";
		};
		9EDBB32F28EA885A00DF822D /* FirebaseInstallations */ = {
			isa = XCSwiftPackageProductDependency;
			package = 9E281C1928C90BC800BD5AAE /* XCRemoteSwiftPackageReference "firebase-ios-sdk" */;
			productName = FirebaseInstallations;
		};
		9EDBB33128EA885A00DF822D /* FirebaseMLModelDownloader */ = {
			isa = XCSwiftPackageProductDependency;
			package = 9E281C1928C90BC800BD5AAE /* XCRemoteSwiftPackageReference "firebase-ios-sdk" */;
			productName = FirebaseMLModelDownloader;
		};
		9EDBB33328EA885A00DF822D /* FirebaseMessaging */ = {
			isa = XCSwiftPackageProductDependency;
			package = 9E281C1928C90BC800BD5AAE /* XCRemoteSwiftPackageReference "firebase-ios-sdk" */;
			productName = FirebaseMessaging;
		};
		9EDBB33528EA885A00DF822D /* FirebasePerformance */ = {
			isa = XCSwiftPackageProductDependency;
			package = 9E281C1928C90BC800BD5AAE /* XCRemoteSwiftPackageReference "firebase-ios-sdk" */;
			productName = FirebasePerformance;
		};
		9EDBB33728EA885A00DF822D /* FirebaseRemoteConfig */ = {
			isa = XCSwiftPackageProductDependency;
			package = 9E281C1928C90BC800BD5AAE /* XCRemoteSwiftPackageReference "firebase-ios-sdk" */;
			productName = FirebaseRemoteConfig;
		};
		9EDBB33928EA885A00DF822D /* FirebaseRemoteConfigSwift */ = {
			isa = XCSwiftPackageProductDependency;
			package = 9E281C1928C90BC800BD5AAE /* XCRemoteSwiftPackageReference "firebase-ios-sdk" */;
			productName = FirebaseRemoteConfigSwift;
		};
		9EDBB33B28EA885A00DF822D /* FirebaseStorage */ = {
			isa = XCSwiftPackageProductDependency;
			package = 9E281C1928C90BC800BD5AAE /* XCRemoteSwiftPackageReference "firebase-ios-sdk" */;
			productName = FirebaseStorage;
		};
		9EDBB33D28EA885A00DF822D /* FirebaseStorageCombine-Community */ = {
			isa = XCSwiftPackageProductDependency;
			package = 9E281C1928C90BC800BD5AAE /* XCRemoteSwiftPackageReference "firebase-ios-sdk" */;
			productName = "FirebaseStorageCombine-Community";
		};
/* End XCSwiftPackageProductDependency section */
	};
	rootObject = 24DA6177283C3DCE004BE551 /* Project object */;
}
